
Microsoft Visual Studio Solution File, Format Version 12.00
# Visual Studio Version 16
VisualStudioVersion = 16.0.29613.14
MinimumVisualStudioVersion = 10.0.40219.1
Project("{FAE04EC0-301F-11D3-BF4B-00C04F79EFBC}") = "Insight_Challenge", "Insight_Challenge\Insight_Challenge.csproj", "{5BC4FD7F-7026-4FDA-96F3-5DD2F2A2CF11}"
EndProject
Global
	GlobalSection(SolutionConfigurationPlatforms) = preSolution
		Debug|Any CPU = Debug|Any CPU
		Release|Any CPU = Release|Any CPU
	EndGlobalSection
	GlobalSection(ProjectConfigurationPlatforms) = postSolution
		{5BC4FD7F-7026-4FDA-96F3-5DD2F2A2CF11}.Debug|Any CPU.ActiveCfg = Debug|Any CPU
		{5BC4FD7F-7026-4FDA-96F3-5DD2F2A2CF11}.Debug|Any CPU.Build.0 = Debug|Any CPU
		{5BC4FD7F-7026-4FDA-96F3-5DD2F2A2CF11}.Release|Any CPU.ActiveCfg = Release|Any CPU
		{5BC4FD7F-7026-4FDA-96F3-5DD2F2A2CF11}.Release|Any CPU.Build.0 = Release|Any CPU
	EndGlobalSection
	GlobalSection(SolutionProperties) = preSolution
		HideSolutionNode = FALSE
	EndGlobalSection
	GlobalSection(ExtensibilityGlobals) = postSolution
		SolutionGuid = {C51E095B-4D11-4969-8B97-17AD1A74F57D}
	EndGlobalSection
EndGlobal
